
Microsoft Visual Studio Solution File, Format Version 12.00
# Visual Studio Version 16
VisualStudioVersion = 16.0.31702.278
MinimumVisualStudioVersion = 10.0.40219.1
Project("{FAE04EC0-301F-11D3-BF4B-00C04F79EFBC}") = "CatalogoJogos", "CatalogoJogos\CatalogoJogos.csproj", "{05BF02EB-37E8-4971-8B70-487709A0B7D2}"
EndProject
Global
	GlobalSection(SolutionConfigurationPlatforms) = preSolution
		Debug|Any CPU = Debug|Any CPU
		Release|Any CPU = Release|Any CPU
	EndGlobalSection
	GlobalSection(ProjectConfigurationPlatforms) = postSolution
		{05BF02EB-37E8-4971-8B70-487709A0B7D2}.Debug|Any CPU.ActiveCfg = Debug|Any CPU
		{05BF02EB-37E8-4971-8B70-487709A0B7D2}.Debug|Any CPU.Build.0 = Debug|Any CPU
		{05BF02EB-37E8-4971-8B70-487709A0B7D2}.Release|Any CPU.ActiveCfg = Release|Any CPU
		{05BF02EB-37E8-4971-8B70-487709A0B7D2}.Release|Any CPU.Build.0 = Release|Any CPU
	EndGlobalSection
	GlobalSection(SolutionProperties) = preSolution
		HideSolutionNode = FALSE
	EndGlobalSection
	GlobalSection(ExtensibilityGlobals) = postSolution
		SolutionGuid = {BBE209E4-DC00-4C03-AAC0-C5AB0B0FA278}
	EndGlobalSection
EndGlobal
